
Microsoft Visual Studio Solution File, Format Version 12.00
# Visual Studio Version 16
VisualStudioVersion = 16.0.30804.86
MinimumVisualStudioVersion = 10.0.40219.1
Project("{9A19103F-16F7-4668-BE54-9A1E7A4F7556}") = "SelfSchoolDAL", "SelfSchoolDAL\SelfSchoolDAL.csproj", "{461A065A-0368-43DA-9C10-0624FD055783}"
EndProject
Project("{9A19103F-16F7-4668-BE54-9A1E7A4F7556}") = "SelfSchoolBLL", "SelfSchoolBLL\SelfSchoolBLL.csproj", "{447C76C8-7B33-4405-8B09-1183CC227FF0}"
EndProject
Global
	GlobalSection(SolutionConfigurationPlatforms) = preSolution
		Debug|Any CPU = Debug|Any CPU
		Release|Any CPU = Release|Any CPU
	EndGlobalSection
	GlobalSection(ProjectConfigurationPlatforms) = postSolution
		{461A065A-0368-43DA-9C10-0624FD055783}.Debug|Any CPU.ActiveCfg = Debug|Any CPU
		{461A065A-0368-43DA-9C10-0624FD055783}.Debug|Any CPU.Build.0 = Debug|Any CPU
		{461A065A-0368-43DA-9C10-0624FD055783}.Release|Any CPU.ActiveCfg = Release|Any CPU
		{461A065A-0368-43DA-9C10-0624FD055783}.Release|Any CPU.Build.0 = Release|Any CPU
		{447C76C8-7B33-4405-8B09-1183CC227FF0}.Debug|Any CPU.ActiveCfg = Debug|Any CPU
		{447C76C8-7B33-4405-8B09-1183CC227FF0}.Debug|Any CPU.Build.0 = Debug|Any CPU
		{447C76C8-7B33-4405-8B09-1183CC227FF0}.Release|Any CPU.ActiveCfg = Release|Any CPU
		{447C76C8-7B33-4405-8B09-1183CC227FF0}.Release|Any CPU.Build.0 = Release|Any CPU
	EndGlobalSection
	GlobalSection(SolutionProperties) = preSolution
		HideSolutionNode = FALSE
	EndGlobalSection
	GlobalSection(ExtensibilityGlobals) = postSolution
		SolutionGuid = {406B5ABD-1889-4C80-80A1-B7ABCA4285CD}
	EndGlobalSection
EndGlobal
